
Microsoft Visual Studio Solution File, Format Version 12.00
# Visual Studio Version 17
VisualStudioVersion = 17.11.35219.272
MinimumVisualStudioVersion = 10.0.40219.1
Project("{FAE04EC0-301F-11D3-BF4B-00C04F79EFBC}") = "AlgoritmoDeStrassen", "AlgoritmoDeStrassen\AlgoritmoDeStrassen.csproj", "{CBEC61AF-1562-48B6-BF13-EA88E647228F}"
EndProject
Global
	GlobalSection(SolutionConfigurationPlatforms) = preSolution
		Debug|Any CPU = Debug|Any CPU
		Release|Any CPU = Release|Any CPU
	EndGlobalSection
	GlobalSection(ProjectConfigurationPlatforms) = postSolution
		{CBEC61AF-1562-48B6-BF13-EA88E647228F}.Debug|Any CPU.ActiveCfg = Debug|Any CPU
		{CBEC61AF-1562-48B6-BF13-EA88E647228F}.Debug|Any CPU.Build.0 = Debug|Any CPU
		{CBEC61AF-1562-48B6-BF13-EA88E647228F}.Release|Any CPU.ActiveCfg = Release|Any CPU
		{CBEC61AF-1562-48B6-BF13-EA88E647228F}.Release|Any CPU.Build.0 = Release|Any CPU
	EndGlobalSection
	GlobalSection(SolutionProperties) = preSolution
		HideSolutionNode = FALSE
	EndGlobalSection
	GlobalSection(ExtensibilityGlobals) = postSolution
		SolutionGuid = {AD95FD38-E052-4565-B5FE-5D9CD112C5A9}
	EndGlobalSection
EndGlobal
