
Microsoft Visual Studio Solution File, Format Version 12.00
# Visual Studio Version 17
VisualStudioVersion = 17.11.35219.272
MinimumVisualStudioVersion = 10.0.40219.1
Project("{FAE04EC0-301F-11D3-BF4B-00C04F79EFBC}") = "BusquedaBinaria", "BusquedaBinaria\BusquedaBinaria.csproj", "{6772349A-916B-4ADC-A22D-31F2F97A1C23}"
EndProject
Global
	GlobalSection(SolutionConfigurationPlatforms) = preSolution
		Debug|Any CPU = Debug|Any CPU
		Release|Any CPU = Release|Any CPU
	EndGlobalSection
	GlobalSection(ProjectConfigurationPlatforms) = postSolution
		{6772349A-916B-4ADC-A22D-31F2F97A1C23}.Debug|Any CPU.ActiveCfg = Debug|Any CPU
		{6772349A-916B-4ADC-A22D-31F2F97A1C23}.Debug|Any CPU.Build.0 = Debug|Any CPU
		{6772349A-916B-4ADC-A22D-31F2F97A1C23}.Release|Any CPU.ActiveCfg = Release|Any CPU
		{6772349A-916B-4ADC-A22D-31F2F97A1C23}.Release|Any CPU.Build.0 = Release|Any CPU
	EndGlobalSection
	GlobalSection(SolutionProperties) = preSolution
		HideSolutionNode = FALSE
	EndGlobalSection
	GlobalSection(ExtensibilityGlobals) = postSolution
		SolutionGuid = {82562A6F-B243-4805-9F1F-D5D5D4CF482C}
	EndGlobalSection
EndGlobal
